dependencies:
- name: common
  repository: https://jfms7s.github.io/helm-charts
  version: 0.1.0
- name: common
  repository: https://jfms7s.github.io/helm-charts
  version: 0.1.0
- name: common
  repository: https://jfms7s.github.io/helm-charts
  version: 0.1.0
- name: common
  repository: https://jfms7s.github.io/helm-charts
  version: 0.1.0
- name: common
  repository: https://jfms7s.github.io/helm-charts
  version: 0.1.0
- name: common
  repository: https://jfms7s.github.io/helm-charts
  version: 0.1.0
- name: common
  repository: https://jfms7s.github.io/helm-charts
  version: 0.1.0
digest: sha256:5eae7dc604264cb59311761d1d0538acf728b618c6e0f16e022528dc8cced317
generated: "2022-10-10T23:49:18.223721825+01:00"
